// !$*UTF8*$!
{
	archiveVersion = 1;
	classes = {
	};
	objectVersion = 46;
	objects = {

/* Begin PBXBuildFile section */
		FC9D35FF1D36062300D6756D /* AppDelegate.swift in Sources */ = {isa = PBXBuildFile; fileRef = FC9D35FE1D36062300D6756D /* AppDelegate.swift */; };
		FC9D36011D36062300D6756D /* ViewController.swift in Sources */ = {isa = PBXBuildFile; fileRef = FC9D36001D36062300D6756D /* ViewController.swift */; };
		FC9D36041D36062300D6756D /* Main.storyboard in Resources */ = {isa = PBXBuildFile; fileRef = FC9D36021D36062300D6756D /* Main.storyboard */; };
		FC9D36061D36062300D6756D /* Assets.xcassets in Resources */ = {isa = PBXBuildFile; fileRef = FC9D36051D36062300D6756D /* Assets.xcassets */; };
		FC9D36091D36062300D6756D /* LaunchScreen.storyboard in Resources */ = {isa = PBXBuildFile; fileRef = FC9D36071D36062300D6756D /* LaunchScreen.storyboard */; };
/* End PBXBuildFile section */

/* Begin PBXFileReference section */
		FC9D35FB1D36062300D6756D /* TTToe.app */ = {isa = PBXFileReference; explicitFileType = wrapper.application; includeInIndex = 0; path = TTToe.app; sourceTree = BUILT_PRODUCTS_DIR; };
		FC9D35FE1D36062300D6756D /* AppDelegate.swift */ = {isa = PBXFileReference; lastKnownFileType = sourcecode.swift; path = AppDelegate.swift; sourceTree = "<group>"; };
		FC9D36001D36062300D6756D /* ViewController.swift */ = {isa = PBXFileReference; lastKnownFileType = sourcecode.swift; path = ViewController.swift; sourceTree = "<group>"; };
		FC9D36031D36062300D6756D /* Base */ = {isa = PBXFileReference; lastKnownFileType = file.storyboard; name = Base; path = Base.lproj/Main.storyboard; sourceTree = "<group>"; };
		FC9D36051D36062300D6756D /* Assets.xcassets */ = {isa = PBXFileReference; lastKnownFileType = folder.assetcatalog; path = Assets.xcassets; sourceTree = "<group>"; };
		FC9D36081D36062300D6756D /* Base */ = {isa = PBXFileReference; lastKnownFileType = file.storyboard; name = Base; path = Base.lproj/LaunchScreen.storyboard; sourceTree = "<group>"; };
		FC9D360A1D36062300D6756D /* Info.plist */ = {isa = PBXFileReference; lastKnownFileType = text.plist.xml; path = Info.plist; sourceTree = "<group>"; };
/* End PBXFileReference section */

/* Begin PBXFrameworksBuildPhase section */
		FC9D35F81D36062300D6756D /* Frameworks */ = {
			isa = PBXFrameworksBuildPhase;
			buildActionMask = 2147483647;
			files = (
			);
			runOnlyForDeploymentPostprocessing = 0;
		};
/* End PBXFrameworksBuildPhase section */

/* Begin PBXGroup section */
		FC9D35F21D36062300D6756D = {
			isa = PBXGroup;
			children = (
				FC9D35FD1D36062300D6756D /* TTToe */,
				FC9D35FC1D36062300D6756D /* Products */,
			);
			sourceTree = "<group>";
		};
		FC9D35FC1D36062300D6756D /* Products */ = {
			isa = PBXGroup;
			children = (
				FC9D35FB1D36062300D6756D /* TTToe.app */,
			);
			name = Products;
			sourceTree = "<group>";
		};
		FC9D35FD1D36062300D6756D /* TTToe */ = {
			isa = PBXGroup;
			children = (
				FC9D35FE1D36062300D6756D /* AppDelegate.swift */,
				FC9D36001D36062300D6756D /* ViewController.swift */,
				FC9D36021D36062300D6756D /* Main.storyboard */,
				FC9D36051D36062300D6756D /* Assets.xcassets */,
				FC9D36071D36062300D6756D /* LaunchScreen.storyboard */,
				FC9D360A1D36062300D6756D /* Info.plist */,
			);
			path = TTToe;
			sourceTree = "<group>";
		};
/* End PBXGroup section */

/* Begin PBXNativeTarget section */
		FC9D35FA1D36062300D6756D /* TTToe */ = {
			isa = PBXNativeTarget;
			buildConfigurationList = FC9D360D1D36062300D6756D /* Build configuration list for PBXNativeTarget "TTToe" */;
			buildPhases = (
				FC9D35F71D36062300D6756D /* Sources */,
				FC9D35F81D36062300D6756D /* Frameworks */,
				FC9D35F91D36062300D6756D /* Resources */,
			);
			buildRules = (
			);
			dependencies = (
			);
			name = TTToe;
			productName = TTToe;
			productReference = FC9D35FB1D36062300D6756D /* TTToe.app */;
			productType = "com.apple.product-type.application";
		};
/* End PBXNativeTarget section */

/* Begin PBXProject section */
		FC9D35F31D36062300D6756D /* Project object */ = {
			isa = PBXProject;
			attributes = {
				LastSwiftUpdateCheck = 0730;
				LastUpgradeCheck = 0730;
				ORGANIZATIONNAME = "Mario Campaz";
				TargetAttributes = {
					FC9D35FA1D36062300D6756D = {
						CreatedOnToolsVersion = 7.3.1;
					};
				};
			};
			buildConfigurationList = FC9D35F61D36062300D6756D /* Build configuration list for PBXProject "TTToe" */;
			compatibilityVersion = "Xcode 3.2";
			developmentRegion = English;
			hasScannedForEncodings = 0;
			knownRegions = (
				en,
				Base,
			);
			mainGroup = FC9D35F21D36062300D6756D;
			productRefGroup = FC9D35FC1D36062300D6756D /* Products */;
			projectDirPath = "";
			projectRoot = "";
			targets = (
				FC9D35FA1D36062300D6756D /* TTToe */,
			);
		};
/* End PBXProject section */

/* Begin PBXResourcesBuildPhase section */
		FC9D35F91D36062300D6756D /* Resources */ = {
			isa = PBXResourcesBuildPhase;
			buildActionMask = 2147483647;
			files = (
				FC9D36091D36062300D6756D /* LaunchScreen.storyboard in Resources */,
				FC9D36061D36062300D6756D /* Assets.xcassets in Resources */,
				FC9D36041D36062300D6756D /* Main.storyboard in Resources */,
			);
			runOnlyForDeploymentPostprocessing = 0;
		};
/* End PBXResourcesBuildPhase section */

/* Begin PBXSourcesBuildPhase section */
		FC9D35F71D36062300D6756D /* Sources */ = {
			isa = PBXSourcesBuildPhase;
			buildActionMask = 2147483647;
			files = (
				FC9D36011D36062300D6756D /* ViewController.swift in Sources */,
				FC9D35FF1D36062300D6756D /* AppDelegate.swift in Sources */,
			);
			runOnlyForDeploymentPostprocessing = 0;
		};
/* End PBXSourcesBuildPhase section */

/* Begin PBXVariantGroup section */
		FC9D36021D36062300D6756D /* Main.storyboard */ = {
			isa = PBXVariantGroup;
			children = (
				FC9D36031D36062300D6756D /* Base */,
			);
			name = Main.storyboard;
			sourceTree = "<group>";
		};
		FC9D36071D36062300D6756D /* LaunchScreen.storyboard */ = {
			isa = PBXVariantGroup;
			children = (
				FC9D36081D36062300D6756D /* Base */,
			);
			name = LaunchScreen.storyboard;
			sourceTree = "<group>";
		};
/* End PBXVariantGroup section */

/* Begin XCBuildConfiguration section */
		FC9D360B1D36062300D6756D /* Debug */ = {
			isa = XCBuildConfiguration;
			buildSettings = {
				ALWAYS_SEARCH_USER_PATHS = NO;
				CLANG_ANALYZER_NONNULL = YES;
				CLANG_CXX_LANGUAGE_STANDARD = "gnu++0x";
				CLANG_CXX_LIBRARY = "libc++";
				CLANG_ENABLE_MODULES = YES;
				CLANG_ENABLE_OBJC_ARC = YES;
				CLANG_WARN_BOOL_CONVERSION = YES;
				CLANG_WARN_CONSTANT_CONVERSION = YES;
				CLANG_WARN_DIRECT_OBJC_ISA_USAGE = YES_ERROR;
				CLANG_WARN_EMPTY_BODY = YES;
				CLANG_WARN_ENUM_CONVERSION = YES;
				CLANG_WARN_INT_CONVERSION = YES;
				CLANG_WARN_OBJC_ROOT_CLASS = YES_ERROR;
				CLANG_WARN_UNREACHABLE_CODE = YES;
				CLANG_WARN__DUPLICATE_METHOD_MATCH = YES;
				"CODE_SIGN_IDENTITY[sdk=iphoneos*]" = "iPhone Developer";
				COPY_PHASE_STRIP = NO;
				DEBUG_INFORMATION_FORMAT = dwarf;
				ENABLE_STRICT_OBJC_MSGSEND = YES;
				ENABLE_TESTABILITY = YES;
				GCC_C_LANGUAGE_STANDARD = gnu99;
				GCC_DYNAMIC_NO_PIC = NO;
				GCC_NO_COMMON_BLOCKS = YES;
				GCC_OPTIMIZATION_LEVEL = 0;
				GCC_PREPROCESSOR_DEFINITIONS = (
					"DEBUG=1",
					"$(inherited)",
				);
				GCC_WARN_64_TO_32_BIT_CONVERSION = YES;
				GCC_WARN_ABOUT_RETURN_TYPE = YES_ERROR;
				GCC_WARN_UNDECLARED_SELECTOR = YES;
				GCC_WARN_UNINITIALIZED_AUTOS = YES_AGGRESSIVE;
				GCC_WARN_UNUSED_FUNCTION = YES;
				GCC_WARN_UNUSED_VARIABLE = YES;
				IPHONEOS_DEPLOYMENT_TARGET = 9.3;
				MTL_ENABLE_DEBUG_INFO = YES;
				ONLY_ACTIVE_ARCH = YES;
				SDKROOT = iphoneos;
				SWIFT_OPTIMIZATION_LEVEL = "-Onone";
				TARGETED_DEVICE_FAMILY = "1,2";
			};
			name = Debug;
		};
		FC9D360C1D36062300D6756D /* Release */ = {
			isa = XCBuildConfiguration;
			buildSettings = {
				ALWAYS_SEARCH_USER_PATHS = NO;
				CLANG_ANALYZER_NONNULL = YES;
				CLANG_CXX_LANGUAGE_STANDARD = "gnu++0x";
				CLANG_CXX_LIBRARY = "libc++";
				CLANG_ENABLE_MODULES = YES;
				CLANG_ENABLE_OBJC_ARC = YES;
				CLANG_WARN_BOOL_CONVERSION = YES;
				CLANG_WARN_CONSTANT_CONVERSION = YES;
				CLANG_WARN_DIRECT_OBJC_ISA_USAGE = YES_ERROR;
				CLANG_WARN_EMPTY_BODY = YES;
				CLANG_WARN_ENUM_CONVERSION = YES;
				CLANG_WARN_INT_CONVERSION = YES;
				CLANG_WARN_OBJC_ROOT_CLASS = YES_ERROR;
				CLANG_WARN_UNREACHABLE_CODE = YES;
				CLANG_WARN__DUPLICATE_METHOD_MATCH = YES;
				"CODE_SIGN_IDENTITY[sdk=iphoneos*]" = "iPhone Developer";
				COPY_PHASE_STRIP = NO;
				DEBUG_INFORMATION_FORMAT = "dwarf-with-dsym";
				ENABLE_NS_ASSERTIONS = NO;
				ENABLE_STRICT_OBJC_MSGSEND = YES;
				GCC_C_LANGUAGE_STANDARD = gnu99;
				GCC_NO_COMMON_BLOCKS = YES;
				GCC_WARN_64_TO_32_BIT_CONVERSION = YES;
				GCC_WARN_ABOUT_RETURN_TYPE = YES_ERROR;
				GCC_WARN_UNDECLARED_SELECTOR = YES;
				GCC_WARN_UNINITIALIZED_AUTOS = YES_AGGRESSIVE;
				GCC_WARN_UNUSED_FUNCTION = YES;
				GCC_WARN_UNUSED_VARIABLE = YES;
				IPHONEOS_DEPLOYMENT_TARGET = 9.3;
				MTL_ENABLE_DEBUG_INFO = NO;
				SDKROOT = iphoneos;
				TARGETED_DEVICE_FAMILY = "1,2";
				VALIDATE_PRODUCT = YES;
			};
			name = Release;
		};
		FC9D360E1D36062300D6756D /* Debug */ = {
			isa = XCBuildConfiguration;
			buildSettings = {
				ASSETCATALOG_COMPILER_APPICON_NAME = AppIcon;
				INFOPLIST_FILE = TTToe/Info.plist;
				LD_RUNPATH_SEARCH_PATHS = "$(inherited) @executable_path/Frameworks";
				PRODUCT_BUNDLE_IDENTIFIER = GuazaByte.TTToe;
				PRODUCT_NAME = "$(TARGET_NAME)";
			};
			name = Debug;
		};
		FC9D360F1D36062300D6756D /* Release */ = {
			isa = XCBuildConfiguration;
			buildSettings = {
				ASSETCATALOG_COMPILER_APPICON_NAME = AppIcon;
				INFOPLIST_FILE = TTToe/Info.plist;
				LD_RUNPATH_SEARCH_PATHS = "$(inherited) @executable_path/Frameworks";
				PRODUCT_BUNDLE_IDENTIFIER = GuazaByte.TTToe;
				PRODUCT_NAME = "$(TARGET_NAME)";
			};
			name = Release;
		};
/* End XCBuildConfiguration section */

/* Begin XCConfigurationList section */
		FC9D35F61D36062300D6756D /* Build configuration list for PBXProject "TTToe" */ = {
			isa = XCConfigurationList;
			buildConfigurations = (
				FC9D360B1D36062300D6756D /* Debug */,
				FC9D360C1D36062300D6756D /* Release */,
			);
			defaultConfigurationIsVisible = 0;
			defaultConfigurationName = Release;
		};
		FC9D360D1D36062300D6756D /* Build configuration list for PBXNativeTarget "TTToe" */ = {
			isa = XCConfigurationList;
			buildConfigurations = (
				FC9D360E1D36062300D6756D /* Debug */,
				FC9D360F1D36062300D6756D /* Release */,
			);
			defaultConfigurationIsVisible = 0;
		};
/* End XCConfigurationList section */
	};
	rootObject = FC9D35F31D36062300D6756D /* Project object */;
}
